
Microsoft Visual Studio Solution File, Format Version 12.00
# Visual Studio Version 17
VisualStudioVersion = 17.4.33205.214
MinimumVisualStudioVersion = 10.0.40219.1
Project("{9A19103F-16F7-4668-BE54-9A1E7A4F7556}") = "MoneyManagementLibrary", "MoneyManagementLibrary\MoneyManagementLibrary.csproj", "{82DC913C-C418-4801-84E4-C5CD275269D0}"
EndProject
Project("{9A19103F-16F7-4668-BE54-9A1E7A4F7556}") = "MoneyManagementWinApp", "MoneyManagementWinApp\MoneyManagementWinApp.csproj", "{2D4CA439-CD0A-4F46-98CE-5D8B60047F3E}"
EndProject
Project("{FAE04EC0-301F-11D3-BF4B-00C04F79EFBC}") = "MoneyManagementWebApp", "MoneyManagementWebApp\MoneyManagementWebApp.csproj", "{F5240C2D-1D03-4539-85A9-DD4122E92E22}"
EndProject
Global
	GlobalSection(SolutionConfigurationPlatforms) = preSolution
		Debug|Any CPU = Debug|Any CPU
		Release|Any CPU = Release|Any CPU
	EndGlobalSection
	GlobalSection(ProjectConfigurationPlatforms) = postSolution
		{82DC913C-C418-4801-84E4-C5CD275269D0}.Debug|Any CPU.ActiveCfg = Debug|Any CPU
		{82DC913C-C418-4801-84E4-C5CD275269D0}.Debug|Any CPU.Build.0 = Debug|Any CPU
		{82DC913C-C418-4801-84E4-C5CD275269D0}.Release|Any CPU.ActiveCfg = Release|Any CPU
		{82DC913C-C418-4801-84E4-C5CD275269D0}.Release|Any CPU.Build.0 = Release|Any CPU
		{2D4CA439-CD0A-4F46-98CE-5D8B60047F3E}.Debug|Any CPU.ActiveCfg = Debug|Any CPU
		{2D4CA439-CD0A-4F46-98CE-5D8B60047F3E}.Debug|Any CPU.Build.0 = Debug|Any CPU
		{2D4CA439-CD0A-4F46-98CE-5D8B60047F3E}.Release|Any CPU.ActiveCfg = Release|Any CPU
		{2D4CA439-CD0A-4F46-98CE-5D8B60047F3E}.Release|Any CPU.Build.0 = Release|Any CPU
		{F5240C2D-1D03-4539-85A9-DD4122E92E22}.Debug|Any CPU.ActiveCfg = Debug|Any CPU
		{F5240C2D-1D03-4539-85A9-DD4122E92E22}.Debug|Any CPU.Build.0 = Debug|Any CPU
		{F5240C2D-1D03-4539-85A9-DD4122E92E22}.Release|Any CPU.ActiveCfg = Release|Any CPU
		{F5240C2D-1D03-4539-85A9-DD4122E92E22}.Release|Any CPU.Build.0 = Release|Any CPU
	EndGlobalSection
	GlobalSection(SolutionProperties) = preSolution
		HideSolutionNode = FALSE
	EndGlobalSection
	GlobalSection(ExtensibilityGlobals) = postSolution
		SolutionGuid = {FA75101E-CF8C-4546-8AE1-510E96E8567B}
	EndGlobalSection
EndGlobal
